
Microsoft Visual Studio Solution File, Format Version 12.00
# Visual Studio Version 16
VisualStudioVersion = 16.0.30523.141
MinimumVisualStudioVersion = 10.0.40219.1
Project("{FAE04EC0-301F-11D3-BF4B-00C04F79EFBC}") = "House23", "House23\House23.csproj", "{4C6A92B1-7B83-4E22-884C-D45574E5DBA0}"
EndProject
Project("{FAE04EC0-301F-11D3-BF4B-00C04F79EFBC}") = "House23Test", "House23Test\House23Test.csproj", "{CFFD3C16-B5C6-4C38-B8A8-203929E63A9B}"
EndProject
Global
	GlobalSection(SolutionConfigurationPlatforms) = preSolution
		Debug|Any CPU = Debug|Any CPU
		Release|Any CPU = Release|Any CPU
	EndGlobalSection
	GlobalSection(ProjectConfigurationPlatforms) = postSolution
		{4C6A92B1-7B83-4E22-884C-D45574E5DBA0}.Debug|Any CPU.ActiveCfg = Debug|Any CPU
		{4C6A92B1-7B83-4E22-884C-D45574E5DBA0}.Debug|Any CPU.Build.0 = Debug|Any CPU
		{4C6A92B1-7B83-4E22-884C-D45574E5DBA0}.Release|Any CPU.ActiveCfg = Release|Any CPU
		{4C6A92B1-7B83-4E22-884C-D45574E5DBA0}.Release|Any CPU.Build.0 = Release|Any CPU
		{CFFD3C16-B5C6-4C38-B8A8-203929E63A9B}.Debug|Any CPU.ActiveCfg = Debug|Any CPU
		{CFFD3C16-B5C6-4C38-B8A8-203929E63A9B}.Debug|Any CPU.Build.0 = Debug|Any CPU
		{CFFD3C16-B5C6-4C38-B8A8-203929E63A9B}.Release|Any CPU.ActiveCfg = Release|Any CPU
		{CFFD3C16-B5C6-4C38-B8A8-203929E63A9B}.Release|Any CPU.Build.0 = Release|Any CPU
	EndGlobalSection
	GlobalSection(SolutionProperties) = preSolution
		HideSolutionNode = FALSE
	EndGlobalSection
	GlobalSection(ExtensibilityGlobals) = postSolution
		SolutionGuid = {E1376A5A-DB77-417D-9B4D-232F88C6967C}
	EndGlobalSection
EndGlobal
